
Microsoft Visual Studio Solution File, Format Version 12.00
# Visual Studio 14
VisualStudioVersion = 14.0.25123.0
MinimumVisualStudioVersion = 10.0.40219.1
Project("{FAE04EC0-301F-11D3-BF4B-00C04F79EFBC}") = "Tarea2Aplicada", "Tarea2Aplicada\Tarea2Aplicada.csproj", "{4FD2B3AF-640D-4184-B3DB-AFE1E321517E}"
EndProject
Global
	GlobalSection(SolutionConfigurationPlatforms) = preSolution
		Debug|Any CPU = Debug|Any CPU
		Release|Any CPU = Release|Any CPU
	EndGlobalSection
	GlobalSection(ProjectConfigurationPlatforms) = postSolution
		{4FD2B3AF-640D-4184-B3DB-AFE1E321517E}.Debug|Any CPU.ActiveCfg = Debug|Any CPU
		{4FD2B3AF-640D-4184-B3DB-AFE1E321517E}.Debug|Any CPU.Build.0 = Debug|Any CPU
		{4FD2B3AF-640D-4184-B3DB-AFE1E321517E}.Release|Any CPU.ActiveCfg = Release|Any CPU
		{4FD2B3AF-640D-4184-B3DB-AFE1E321517E}.Release|Any CPU.Build.0 = Release|Any CPU
	EndGlobalSection
	GlobalSection(SolutionProperties) = preSolution
		HideSolutionNode = FALSE
	EndGlobalSection
EndGlobal
